
Microsoft Visual Studio Solution File, Format Version 12.00
# Visual Studio Version 17
VisualStudioVersion = 17.0.31919.166
MinimumVisualStudioVersion = 10.0.40219.1
Project("{888888A0-9F3D-457C-B088-3A5042F75D52}") = "Simple tricks", "Simple tricks.pyproj", "{BEC7BDF2-1C03-4CF8-8830-3211E93C7586}"
EndProject
Global
	GlobalSection(SolutionConfigurationPlatforms) = preSolution
		Debug|Any CPU = Debug|Any CPU
		Release|Any CPU = Release|Any CPU
	EndGlobalSection
	GlobalSection(ProjectConfigurationPlatforms) = postSolution
		{BEC7BDF2-1C03-4CF8-8830-3211E93C7586}.Debug|Any CPU.ActiveCfg = Debug|Any CPU
		{BEC7BDF2-1C03-4CF8-8830-3211E93C7586}.Release|Any CPU.ActiveCfg = Release|Any CPU
	EndGlobalSection
	GlobalSection(SolutionProperties) = preSolution
		HideSolutionNode = FALSE
	EndGlobalSection
	GlobalSection(ExtensibilityGlobals) = postSolution
		SolutionGuid = {B3340387-A6A1-443A-B317-953F92CBE0C1}
	EndGlobalSection
EndGlobal
